
Microsoft Visual Studio Solution File, Format Version 12.00
# Visual Studio Version 16
VisualStudioVersion = 16.0.30523.141
MinimumVisualStudioVersion = 10.0.40219.1
Project("{FAE04EC0-301F-11D3-BF4B-00C04F79EFBC}") = "MethodsWithLoopsAndConditionals", "MethodsWithLoopsAndConditionals\MethodsWithLoopsAndConditionals.csproj", "{B2CB9CCD-E8C5-4540-98E2-CC8BAC5CDE67}"
EndProject
Global
	GlobalSection(SolutionConfigurationPlatforms) = preSolution
		Debug|Any CPU = Debug|Any CPU
		Release|Any CPU = Release|Any CPU
	EndGlobalSection
	GlobalSection(ProjectConfigurationPlatforms) = postSolution
		{B2CB9CCD-E8C5-4540-98E2-CC8BAC5CDE67}.Debug|Any CPU.ActiveCfg = Debug|Any CPU
		{B2CB9CCD-E8C5-4540-98E2-CC8BAC5CDE67}.Debug|Any CPU.Build.0 = Debug|Any CPU
		{B2CB9CCD-E8C5-4540-98E2-CC8BAC5CDE67}.Release|Any CPU.ActiveCfg = Release|Any CPU
		{B2CB9CCD-E8C5-4540-98E2-CC8BAC5CDE67}.Release|Any CPU.Build.0 = Release|Any CPU
	EndGlobalSection
	GlobalSection(SolutionProperties) = preSolution
		HideSolutionNode = FALSE
	EndGlobalSection
	GlobalSection(ExtensibilityGlobals) = postSolution
		SolutionGuid = {0F8D5EE7-AF3D-446A-A617-F47E6223573C}
	EndGlobalSection
EndGlobal
